// !$*UTF8*$!
{
	archiveVersion = 1;
	classes = {
	};
	objectVersion = 77;
	objects = {

/* Begin PBXContainerItemProxy section */
		3F41F0DC2E372B370081BDFC /* PBXContainerItemProxy */ = {
			isa = PBXContainerItemProxy;
			containerPortal = 3F41F0BD2E372B350081BDFC /* Project object */;
			proxyType = 1;
			remoteGlobalIDString = 3F41F0C42E372B350081BDFC;
			remoteInfo = calculatorpractice;
		};
		3F41F0E62E372B370081BDFC /* PBXContainerItemProxy */ = {
			isa = PBXContainerItemProxy;
			containerPortal = 3F41F0BD2E372B350081BDFC /* Project object */;
			proxyType = 1;
			remoteGlobalIDString = 3F41F0C42E372B350081BDFC;
			remoteInfo = calculatorpractice;
		};
/* End PBXContainerItemProxy section */

/* Begin PBXFileReference section */
		3F41F0C52E372B350081BDFC /* calculatorpractice.app */ = {isa = PBXFileReference; explicitFileType = wrapper.application; includeInIndex = 0; path = calculatorpractice.app; sourceTree = BUILT_PRODUCTS_DIR; };
		3F41F0DB2E372B370081BDFC /* calculatorpracticeTests.xctest */ = {isa = PBXFileReference; explicitFileType = wrapper.cfbundle; includeInIndex = 0; path = calculatorpracticeTests.xctest; sourceTree = BUILT_PRODUCTS_DIR; };
		3F41F0E52E372B370081BDFC /* calculatorpracticeUITests.xctest */ = {isa = PBXFileReference; explicitFileType = wrapper.cfbundle; includeInIndex = 0; path = calculatorpracticeUITests.xctest; sourceTree = BUILT_PRODUCTS_DIR; };
/* End PBXFileReference section */

/* Begin PBXFileSystemSynchronizedBuildFileExceptionSet section */
		3F41F0ED2E372B370081BDFC /* Exceptions for "calculatorpractice" folder in "calculatorpractice" target */ = {
			isa = PBXFileSystemSynchronizedBuildFileExceptionSet;
			membershipExceptions = (
				Info.plist,
			);
			target = 3F41F0C42E372B350081BDFC /* calculatorpractice */;
		};
/* End PBXFileSystemSynchronizedBuildFileExceptionSet section */

/* Begin PBXFileSystemSynchronizedRootGroup section */
		3F41F0C72E372B350081BDFC /* calculatorpractice */ = {
			isa = PBXFileSystemSynchronizedRootGroup;
			exceptions = (
				3F41F0ED2E372B370081BDFC /* Exceptions for "calculatorpractice" folder in "calculatorpractice" target */,
			);
			path = calculatorpractice;
			sourceTree = "<group>";
		};
		3F41F0DE2E372B370081BDFC /* calculatorpracticeTests */ = {
			isa = PBXFileSystemSynchronizedRootGroup;
			path = calculatorpracticeTests;
			sourceTree = "<group>";
		};
		3F41F0E82E372B370081BDFC /* calculatorpracticeUITests */ = {
			isa = PBXFileSystemSynchronizedRootGroup;
			path = calculatorpracticeUITests;
			sourceTree = "<group>";
		};
/* End PBXFileSystemSynchronizedRootGroup section */

/* Begin PBXFrameworksBuildPhase section */
		3F41F0C22E372B350081BDFC /* Frameworks */ = {
			isa = PBXFrameworksBuildPhase;
			buildActionMask = 2147483647;
			files = (
			);
			runOnlyForDeploymentPostprocessing = 0;
		};
		3F41F0D82E372B370081BDFC /* Frameworks */ = {
			isa = PBXFrameworksBuildPhase;
			buildActionMask = 2147483647;
			files = (
			);
			runOnlyForDeploymentPostprocessing = 0;
		};
		3F41F0E22E372B370081BDFC /* Frameworks */ = {
			isa = PBXFrameworksBuildPhase;
			buildActionMask = 2147483647;
			files = (
			);
			runOnlyForDeploymentPostprocessing = 0;
		};
/* End PBXFrameworksBuildPhase section */

/* Begin PBXGroup section */
		3F41F0BC2E372B350081BDFC = {
			isa = PBXGroup;
			children = (
				3F41F0C72E372B350081BDFC /* calculatorpractice */,
				3F41F0DE2E372B370081BDFC /* calculatorpracticeTests */,
				3F41F0E82E372B370081BDFC /* calculatorpracticeUITests */,
				3F41F0C62E372B350081BDFC /* Products */,
			);
			sourceTree = "<group>";
		};
		3F41F0C62E372B350081BDFC /* Products */ = {
			isa = PBXGroup;
			children = (
				3F41F0C52E372B350081BDFC /* calculatorpractice.app */,
				3F41F0DB2E372B370081BDFC /* calculatorpracticeTests.xctest */,
				3F41F0E52E372B370081BDFC /* calculatorpracticeUITests.xctest */,
			);
			name = Products;
			sourceTree = "<group>";
		};
/* End PBXGroup section */

/* Begin PBXNativeTarget section */
		3F41F0C42E372B350081BDFC /* calculatorpractice */ = {
			isa = PBXNativeTarget;
			buildConfigurationList = 3F41F0EE2E372B370081BDFC /* Build configuration list for PBXNativeTarget "calculatorpractice" */;
			buildPhases = (
				3F41F0C12E372B350081BDFC /* Sources */,
				3F41F0C22E372B350081BDFC /* Frameworks */,
				3F41F0C32E372B350081BDFC /* Resources */,
			);
			buildRules = (
			);
			dependencies = (
			);
			fileSystemSynchronizedGroups = (
				3F41F0C72E372B350081BDFC /* calculatorpractice */,
			);
			name = calculatorpractice;
			packageProductDependencies = (
			);
			productName = calculatorpractice;
			productReference = 3F41F0C52E372B350081BDFC /* calculatorpractice.app */;
			productType = "com.apple.product-type.application";
		};
		3F41F0DA2E372B370081BDFC /* calculatorpracticeTests */ = {
			isa = PBXNativeTarget;
			buildConfigurationList = 3F41F0F32E372B370081BDFC /* Build configuration list for PBXNativeTarget "calculatorpracticeTests" */;
			buildPhases = (
				3F41F0D72E372B370081BDFC /* Sources */,
				3F41F0D82E372B370081BDFC /* Frameworks */,
				3F41F0D92E372B370081BDFC /* Resources */,
			);
			buildRules = (
			);
			dependencies = (
				3F41F0DD2E372B370081BDFC /* PBXTargetDependency */,
			);
			fileSystemSynchronizedGroups = (
				3F41F0DE2E372B370081BDFC /* calculatorpracticeTests */,
			);
			name = calculatorpracticeTests;
			packageProductDependencies = (
			);
			productName = calculatorpracticeTests;
			productReference = 3F41F0DB2E372B370081BDFC /* calculatorpracticeTests.xctest */;
			productType = "com.apple.product-type.bundle.unit-test";
		};
		3F41F0E42E372B370081BDFC /* calculatorpracticeUITests */ = {
			isa = PBXNativeTarget;
			buildConfigurationList = 3F41F0F62E372B370081BDFC /* Build configuration list for PBXNativeTarget "calculatorpracticeUITests" */;
			buildPhases = (
				3F41F0E12E372B370081BDFC /* Sources */,
				3F41F0E22E372B370081BDFC /* Frameworks */,
				3F41F0E32E372B370081BDFC /* Resources */,
			);
			buildRules = (
			);
			dependencies = (
				3F41F0E72E372B370081BDFC /* PBXTargetDependency */,
			);
			fileSystemSynchronizedGroups = (
				3F41F0E82E372B370081BDFC /* calculatorpracticeUITests */,
			);
			name = calculatorpracticeUITests;
			packageProductDependencies = (
			);
			productName = calculatorpracticeUITests;
			productReference = 3F41F0E52E372B370081BDFC /* calculatorpracticeUITests.xctest */;
			productType = "com.apple.product-type.bundle.ui-testing";
		};
/* End PBXNativeTarget section */

/* Begin PBXProject section */
		3F41F0BD2E372B350081BDFC /* Project object */ = {
			isa = PBXProject;
			attributes = {
				BuildIndependentTargetsInParallel = 1;
				LastSwiftUpdateCheck = 1640;
				LastUpgradeCheck = 1640;
				TargetAttributes = {
					3F41F0C42E372B350081BDFC = {
						CreatedOnToolsVersion = 16.4;
					};
					3F41F0DA2E372B370081BDFC = {
						CreatedOnToolsVersion = 16.4;
						TestTargetID = 3F41F0C42E372B350081BDFC;
					};
					3F41F0E42E372B370081BDFC = {
						CreatedOnToolsVersion = 16.4;
						TestTargetID = 3F41F0C42E372B350081BDFC;
					};
				};
			};
			buildConfigurationList = 3F41F0C02E372B350081BDFC /* Build configuration list for PBXProject "calculatorpractice" */;
			developmentRegion = en;
			hasScannedForEncodings = 0;
			knownRegions = (
				en,
				Base,
			);
			mainGroup = 3F41F0BC2E372B350081BDFC;
			minimizedProjectReferenceProxies = 1;
			preferredProjectObjectVersion = 77;
			productRefGroup = 3F41F0C62E372B350081BDFC /* Products */;
			projectDirPath = "";
			projectRoot = "";
			targets = (
				3F41F0C42E372B350081BDFC /* calculatorpractice */,
				3F41F0DA2E372B370081BDFC /* calculatorpracticeTests */,
				3F41F0E42E372B370081BDFC /* calculatorpracticeUITests */,
			);
		};
/* End PBXProject section */

/* Begin PBXResourcesBuildPhase section */
		3F41F0C32E372B350081BDFC /* Resources */ = {
			isa = PBXResourcesBuildPhase;
			buildActionMask = 2147483647;
			files = (
			);
			runOnlyForDeploymentPostprocessing = 0;
		};
		3F41F0D92E372B370081BDFC /* Resources */ = {
			isa = PBXResourcesBuildPhase;
			buildActionMask = 2147483647;
			files = (
			);
			runOnlyForDeploymentPostprocessing = 0;
		};
		3F41F0E32E372B370081BDFC /* Resources */ = {
			isa = PBXResourcesBuildPhase;
			buildActionMask = 2147483647;
			files = (
			);
			runOnlyForDeploymentPostprocessing = 0;
		};
/* End PBXResourcesBuildPhase section */

/* Begin PBXSourcesBuildPhase section */
		3F41F0C12E372B350081BDFC /* Sources */ = {
			isa = PBXSourcesBuildPhase;
			buildActionMask = 2147483647;
			files = (
			);
			runOnlyForDeploymentPostprocessing = 0;
		};
		3F41F0D72E372B370081BDFC /* Sources */ = {
			isa = PBXSourcesBuildPhase;
			buildActionMask = 2147483647;
			files = (
			);
			runOnlyForDeploymentPostprocessing = 0;
		};
		3F41F0E12E372B370081BDFC /* Sources */ = {
			isa = PBXSourcesBuildPhase;
			buildActionMask = 2147483647;
			files = (
			);
			runOnlyForDeploymentPostprocessing = 0;
		};
/* End PBXSourcesBuildPhase section */

/* Begin PBXTargetDependency section */
		3F41F0DD2E372B370081BDFC /* PBXTargetDependency */ = {
			isa = PBXTargetDependency;
			target = 3F41F0C42E372B350081BDFC /* calculatorpractice */;
			targetProxy = 3F41F0DC2E372B370081BDFC /* PBXContainerItemProxy */;
		};
		3F41F0E72E372B370081BDFC /* PBXTargetDependency */ = {
			isa = PBXTargetDependency;
			target = 3F41F0C42E372B350081BDFC /* calculatorpractice */;
			targetProxy = 3F41F0E62E372B370081BDFC /* PBXContainerItemProxy */;
		};
/* End PBXTargetDependency section */

/* Begin XCBuildConfiguration section */
		3F41F0EF2E372B370081BDFC /* Debug */ = {
			isa = XCBuildConfiguration;
			buildSettings = {
				ASSETCATALOG_COMPILER_APPICON_NAME = AppIcon;
				ASSETCATALOG_COMPILER_GLOBAL_ACCENT_COLOR_NAME = AccentColor;
				CODE_SIGN_STYLE = Automatic;
				CURRENT_PROJECT_VERSION = 1;
				GENERATE_INFOPLIST_FILE = YES;
				INFOPLIST_FILE = calculatorpractice/Info.plist;
				INFOPLIST_KEY_UIApplicationSupportsIndirectInputEvents = YES;
				INFOPLIST_KEY_UILaunchStoryboardName = LaunchScreen;
				INFOPLIST_KEY_UIMainStoryboardFile = Main;
				INFOPLIST_KEY_UISupportedInterfaceOrientations_iPad = "UIInterfaceOrientationPortrait UIInterfaceOrientationPortraitUpsideDown UIInterfaceOrientationLandscapeLeft UIInterfaceOrientationLandscapeRight";
				INFOPLIST_KEY_UISupportedInterfaceOrientations_iPhone = "UIInterfaceOrientationPortrait UIInterfaceOrientationLandscapeLeft UIInterfaceOrientationLandscapeRight";
				LD_RUNPATH_SEARCH_PATHS = (
					"$(inherited)",
					"@executable_path/Frameworks",
				);
				MARKETING_VERSION = 1.0;
				PRODUCT_BUNDLE_IDENTIFIER = com.apple.calculatorpractice;
				PRODUCT_NAME = "$(TARGET_NAME)";
				SWIFT_EMIT_LOC_STRINGS = YES;
				SWIFT_VERSION = 5.0;
				TARGETED_DEVICE_FAMILY = "1,2";
			};
			name = Debug;
		};
		3F41F0F02E372B370081BDFC /* Release */ = {
			isa = XCBuildConfiguration;
			buildSettings = {
				ASSETCATALOG_COMPILER_APPICON_NAME = AppIcon;
				ASSETCATALOG_COMPILER_GLOBAL_ACCENT_COLOR_NAME = AccentColor;
				CODE_SIGN_STYLE = Automatic;
				CURRENT_PROJECT_VERSION = 1;
				GENERATE_INFOPLIST_FILE = YES;
				INFOPLIST_FILE = calculatorpractice/Info.plist;
				INFOPLIST_KEY_UIApplicationSupportsIndirectInputEvents = YES;
				INFOPLIST_KEY_UILaunchStoryboardName = LaunchScreen;
				INFOPLIST_KEY_UIMainStoryboardFile = Main;
				INFOPLIST_KEY_UISupportedInterfaceOrientations_iPad = "UIInterfaceOrientationPortrait UIInterfaceOrientationPortraitUpsideDown UIInterfaceOrientationLandscapeLeft UIInterfaceOrientationLandscapeRight";
				INFOPLIST_KEY_UISupportedInterfaceOrientations_iPhone = "UIInterfaceOrientationPortrait UIInterfaceOrientationLandscapeLeft UIInterfaceOrientationLandscapeRight";
				LD_RUNPATH_SEARCH_PATHS = (
					"$(inherited)",
					"@executable_path/Frameworks",
				);
				MARKETING_VERSION = 1.0;
				PRODUCT_BUNDLE_IDENTIFIER = com.apple.calculatorpractice;
				PRODUCT_NAME = "$(TARGET_NAME)";
				SWIFT_EMIT_LOC_STRINGS = YES;
				SWIFT_VERSION = 5.0;
				TARGETED_DEVICE_FAMILY = "1,2";
			};
			name = Release;
		};
		3F41F0F12E372B370081BDFC /* Debug */ = {
			isa = XCBuildConfiguration;
			buildSettings = {
				ALWAYS_SEARCH_USER_PATHS = NO;
				ASSETCATALOG_COMPILER_GENERATE_SWIFT_ASSET_SYMBOL_EXTENSIONS = YES;
				CLANG_ANALYZER_NONNULL = YES;
				CLANG_ANALYZER_NUMBER_OBJECT_CONVERSION = YES_AGGRESSIVE;
				CLANG_CXX_LANGUAGE_STANDARD = "gnu++20";
				CLANG_ENABLE_MODULES = YES;
				CLANG_ENABLE_OBJC_ARC = YES;
				CLANG_ENABLE_OBJC_WEAK = YES;
				CLANG_WARN_BLOCK_CAPTURE_AUTORELEASING = YES;
				CLANG_WARN_BOOL_CONVERSION = YES;
				CLANG_WARN_COMMA = YES;
				CLANG_WARN_CONSTANT_CONVERSION = YES;
				CLANG_WARN_DEPRECATED_OBJC_IMPLEMENTATIONS = YES;
				CLANG_WARN_DIRECT_OBJC_ISA_USAGE = YES_ERROR;
				CLANG_WARN_DOCUMENTATION_COMMENTS = YES;
				CLANG_WARN_EMPTY_BODY = YES;
				CLANG_WARN_ENUM_CONVERSION = YES;
				CLANG_WARN_INFINITE_RECURSION = YES;
				CLANG_WARN_INT_CONVERSION = YES;
				CLANG_WARN_NON_LITERAL_NULL_CONVERSION = YES;
				CLANG_WARN_OBJC_IMPLICIT_RETAIN_SELF = YES;
				CLANG_WARN_OBJC_LITERAL_CONVERSION = YES;
				CLANG_WARN_OBJC_ROOT_CLASS = YES_ERROR;
				CLANG_WARN_QUOTED_INCLUDE_IN_FRAMEWORK_HEADER = YES;
				CLANG_WARN_RANGE_LOOP_ANALYSIS = YES;
				CLANG_WARN_STRICT_PROTOTYPES = YES;
				CLANG_WARN_SUSPICIOUS_MOVE = YES;
				CLANG_WARN_UNGUARDED_AVAILABILITY = YES_AGGRESSIVE;
				CLANG_WARN_UNREACHABLE_CODE = YES;
				CLANG_WARN__DUPLICATE_METHOD_MATCH = YES;
				COPY_PHASE_STRIP = NO;
				DEBUG_INFORMATION_FORMAT = dwarf;
				ENABLE_STRICT_OBJC_MSGSEND = YES;
				ENABLE_TESTABILITY = YES;
				ENABLE_USER_SCRIPT_SANDBOXING = YES;
				GCC_C_LANGUAGE_STANDARD = gnu17;
				GCC_DYNAMIC_NO_PIC = NO;
				GCC_NO_COMMON_BLOCKS = YES;
				GCC_OPTIMIZATION_LEVEL = 0;
				GCC_PREPROCESSOR_DEFINITIONS = (
					"DEBUG=1",
					"$(inherited)",
				);
				GCC_WARN_64_TO_32_BIT_CONVERSION = YES;
				GCC_WARN_ABOUT_RETURN_TYPE = YES_ERROR;
				GCC_WARN_UNDECLARED_SELECTOR = YES;
				GCC_WARN_UNINITIALIZED_AUTOS = YES_AGGRESSIVE;
				GCC_WARN_UNUSED_FUNCTION = YES;
				GCC_WARN_UNUSED_VARIABLE = YES;
				IPHONEOS_DEPLOYMENT_TARGET = 18.5;
				LOCALIZATION_PREFERS_STRING_CATALOGS = YES;
				MTL_ENABLE_DEBUG_INFO = INCLUDE_SOURCE;
				MTL_FAST_MATH = YES;
				ONLY_ACTIVE_ARCH = YES;
				SDKROOT = iphoneos;
				SWIFT_ACTIVE_COMPILATION_CONDITIONS = "DEBUG $(inherited)";
				SWIFT_OPTIMIZATION_LEVEL = "-Onone";
			};
			name = Debug;
		};
		3F41F0F22E372B370081BDFC /* Release */ = {
			isa = XCBuildConfiguration;
			buildSettings = {
				ALWAYS_SEARCH_USER_PATHS = NO;
				ASSETCATALOG_COMPILER_GENERATE_SWIFT_ASSET_SYMBOL_EXTENSIONS = YES;
				CLANG_ANALYZER_NONNULL = YES;
				CLANG_ANALYZER_NUMBER_OBJECT_CONVERSION = YES_AGGRESSIVE;
				CLANG_CXX_LANGUAGE_STANDARD = "gnu++20";
				CLANG_ENABLE_MODULES = YES;
				CLANG_ENABLE_OBJC_ARC = YES;
				CLANG_ENABLE_OBJC_WEAK = YES;
				CLANG_WARN_BLOCK_CAPTURE_AUTORELEASING = YES;
				CLANG_WARN_BOOL_CONVERSION = YES;
				CLANG_WARN_COMMA = YES;
				CLANG_WARN_CONSTANT_CONVERSION = YES;
				CLANG_WARN_DEPRECATED_OBJC_IMPLEMENTATIONS = YES;
				CLANG_WARN_DIRECT_OBJC_ISA_USAGE = YES_ERROR;
				CLANG_WARN_DOCUMENTATION_COMMENTS = YES;
				CLANG_WARN_EMPTY_BODY = YES;
				CLANG_WARN_ENUM_CONVERSION = YES;
				CLANG_WARN_INFINITE_RECURSION = YES;
				CLANG_WARN_INT_CONVERSION = YES;
				CLANG_WARN_NON_LITERAL_NULL_CONVERSION = YES;
				CLANG_WARN_OBJC_IMPLICIT_RETAIN_SELF = YES;
				CLANG_WARN_OBJC_LITERAL_CONVERSION = YES;
				CLANG_WARN_OBJC_ROOT_CLASS = YES_ERROR;
				CLANG_WARN_QUOTED_INCLUDE_IN_FRAMEWORK_HEADER = YES;
				CLANG_WARN_RANGE_LOOP_ANALYSIS = YES;
				CLANG_WARN_STRICT_PROTOTYPES = YES;
				CLANG_WARN_SUSPICIOUS_MOVE = YES;
				CLANG_WARN_UNGUARDED_AVAILABILITY = YES_AGGRESSIVE;
				CLANG_WARN_UNREACHABLE_CODE = YES;
				CLANG_WARN__DUPLICATE_METHOD_MATCH = YES;
				COPY_PHASE_STRIP = NO;
				DEBUG_INFORMATION_FORMAT = "dwarf-with-dsym";
				ENABLE_NS_ASSERTIONS = NO;
				ENABLE_STRICT_OBJC_MSGSEND = YES;
				ENABLE_USER_SCRIPT_SANDBOXING = YES;
				GCC_C_LANGUAGE_STANDARD = gnu17;
				GCC_NO_COMMON_BLOCKS = YES;
				GCC_WARN_64_TO_32_BIT_CONVERSION = YES;
				GCC_WARN_ABOUT_RETURN_TYPE = YES_ERROR;
				GCC_WARN_UNDECLARED_SELECTOR = YES;
				GCC_WARN_UNINITIALIZED_AUTOS = YES_AGGRESSIVE;
				GCC_WARN_UNUSED_FUNCTION = YES;
				GCC_WARN_UNUSED_VARIABLE = YES;
				IPHONEOS_DEPLOYMENT_TARGET = 18.5;
				LOCALIZATION_PREFERS_STRING_CATALOGS = YES;
				MTL_ENABLE_DEBUG_INFO = NO;
				MTL_FAST_MATH = YES;
				SDKROOT = iphoneos;
				SWIFT_COMPILATION_MODE = wholemodule;
				VALIDATE_PRODUCT = YES;
			};
			name = Release;
		};
		3F41F0F42E372B370081BDFC /* Debug */ = {
			isa = XCBuildConfiguration;
			buildSettings = {
				BUNDLE_LOADER = "$(TEST_HOST)";
				CODE_SIGN_STYLE = Automatic;
				CURRENT_PROJECT_VERSION = 1;
				GENERATE_INFOPLIST_FILE = YES;
				IPHONEOS_DEPLOYMENT_TARGET = 18.5;
				MARKETING_VERSION = 1.0;
				PRODUCT_BUNDLE_IDENTIFIER = com.apple.calculatorpracticeTests;
				PRODUCT_NAME = "$(TARGET_NAME)";
				SWIFT_EMIT_LOC_STRINGS = NO;
				SWIFT_VERSION = 5.0;
				TARGETED_DEVICE_FAMILY = "1,2";
				TEST_HOST = "$(BUILT_PRODUCTS_DIR)/calculatorpractice.app/$(BUNDLE_EXECUTABLE_FOLDER_PATH)/calculatorpractice";
			};
			name = Debug;
		};
		3F41F0F52E372B370081BDFC /* Release */ = {
			isa = XCBuildConfiguration;
			buildSettings = {
				BUNDLE_LOADER = "$(TEST_HOST)";
				CODE_SIGN_STYLE = Automatic;
				CURRENT_PROJECT_VERSION = 1;
				GENERATE_INFOPLIST_FILE = YES;
				IPHONEOS_DEPLOYMENT_TARGET = 18.5;
				MARKETING_VERSION = 1.0;
				PRODUCT_BUNDLE_IDENTIFIER = com.apple.calculatorpracticeTests;
				PRODUCT_NAME = "$(TARGET_NAME)";
				SWIFT_EMIT_LOC_STRINGS = NO;
				SWIFT_VERSION = 5.0;
				TARGETED_DEVICE_FAMILY = "1,2";
				TEST_HOST = "$(BUILT_PRODUCTS_DIR)/calculatorpractice.app/$(BUNDLE_EXECUTABLE_FOLDER_PATH)/calculatorpractice";
			};
			name = Release;
		};
		3F41F0F72E372B370081BDFC /* Debug */ = {
			isa = XCBuildConfiguration;
			buildSettings = {
				CODE_SIGN_STYLE = Automatic;
				CURRENT_PROJECT_VERSION = 1;
				GENERATE_INFOPLIST_FILE = YES;
				MARKETING_VERSION = 1.0;
				PRODUCT_BUNDLE_IDENTIFIER = com.apple.calculatorpracticeUITests;
				PRODUCT_NAME = "$(TARGET_NAME)";
				SWIFT_EMIT_LOC_STRINGS = NO;
				SWIFT_VERSION = 5.0;
				TARGETED_DEVICE_FAMILY = "1,2";
				TEST_TARGET_NAME = calculatorpractice;
			};
			name = Debug;
		};
		3F41F0F82E372B370081BDFC /* Release */ = {
			isa = XCBuildConfiguration;
			buildSettings = {
				CODE_SIGN_STYLE = Automatic;
				CURRENT_PROJECT_VERSION = 1;
				GENERATE_INFOPLIST_FILE = YES;
				MARKETING_VERSION = 1.0;
				PRODUCT_BUNDLE_IDENTIFIER = com.apple.calculatorpracticeUITests;
				PRODUCT_NAME = "$(TARGET_NAME)";
				SWIFT_EMIT_LOC_STRINGS = NO;
				SWIFT_VERSION = 5.0;
				TARGETED_DEVICE_FAMILY = "1,2";
				TEST_TARGET_NAME = calculatorpractice;
			};
			name = Release;
		};
/* End XCBuildConfiguration section */

/* Begin XCConfigurationList section */
		3F41F0C02E372B350081BDFC /* Build configuration list for PBXProject "calculatorpractice" */ = {
			isa = XCConfigurationList;
			buildConfigurations = (
				3F41F0F12E372B370081BDFC /* Debug */,
				3F41F0F22E372B370081BDFC /* Release */,
			);
			defaultConfigurationIsVisible = 0;
			defaultConfigurationName = Release;
		};
		3F41F0EE2E372B370081BDFC /* Build configuration list for PBXNativeTarget "calculatorpractice" */ = {
			isa = XCConfigurationList;
			buildConfigurations = (
				3F41F0EF2E372B370081BDFC /* Debug */,
				3F41F0F02E372B370081BDFC /* Release */,
			);
			defaultConfigurationIsVisible = 0;
			defaultConfigurationName = Release;
		};
		3F41F0F32E372B370081BDFC /* Build configuration list for PBXNativeTarget "calculatorpracticeTests" */ = {
			isa = XCConfigurationList;
			buildConfigurations = (
				3F41F0F42E372B370081BDFC /* Debug */,
				3F41F0F52E372B370081BDFC /* Release */,
			);
			defaultConfigurationIsVisible = 0;
			defaultConfigurationName = Release;
		};
		3F41F0F62E372B370081BDFC /* Build configuration list for PBXNativeTarget "calculatorpracticeUITests" */ = {
			isa = XCConfigurationList;
			buildConfigurations = (
				3F41F0F72E372B370081BDFC /* Debug */,
				3F41F0F82E372B370081BDFC /* Release */,
			);
			defaultConfigurationIsVisible = 0;
			defaultConfigurationName = Release;
		};
/* End XCConfigurationList section */
	};
	rootObject = 3F41F0BD2E372B350081BDFC /* Project object */;
}
