// !$*UTF8*$!
{
	archiveVersion = 1;
	classes = {
	};
	objectVersion = 77;
	objects = {

/* Begin PBXContainerItemProxy section */
		3F51F0192E2F561C00C0B0F8 /* PBXContainerItemProxy */ = {
			isa = PBXContainerItemProxy;
			containerPortal = 3F51EFFA2E2F561A00C0B0F8 /* Project object */;
			proxyType = 1;
			remoteGlobalIDString = 3F51F0012E2F561A00C0B0F8;
			remoteInfo = viewcontrollers;
		};
		3F51F0232E2F561C00C0B0F8 /* PBXContainerItemProxy */ = {
			isa = PBXContainerItemProxy;
			containerPortal = 3F51EFFA2E2F561A00C0B0F8 /* Project object */;
			proxyType = 1;
			remoteGlobalIDString = 3F51F0012E2F561A00C0B0F8;
			remoteInfo = viewcontrollers;
		};
/* End PBXContainerItemProxy section */

/* Begin PBXFileReference section */
		3F51F0022E2F561A00C0B0F8 /* viewcontrollers.app */ = {isa = PBXFileReference; explicitFileType = wrapper.application; includeInIndex = 0; path = viewcontrollers.app; sourceTree = BUILT_PRODUCTS_DIR; };
		3F51F0182E2F561C00C0B0F8 /* viewcontrollersTests.xctest */ = {isa = PBXFileReference; explicitFileType = wrapper.cfbundle; includeInIndex = 0; path = viewcontrollersTests.xctest; sourceTree = BUILT_PRODUCTS_DIR; };
		3F51F0222E2F561C00C0B0F8 /* viewcontrollersUITests.xctest */ = {isa = PBXFileReference; explicitFileType = wrapper.cfbundle; includeInIndex = 0; path = viewcontrollersUITests.xctest; sourceTree = BUILT_PRODUCTS_DIR; };
/* End PBXFileReference section */

/* Begin PBXFileSystemSynchronizedBuildFileExceptionSet section */
		3F51F02A2E2F561C00C0B0F8 /* Exceptions for "viewcontrollers" folder in "viewcontrollers" target */ = {
			isa = PBXFileSystemSynchronizedBuildFileExceptionSet;
			membershipExceptions = (
				Info.plist,
			);
			target = 3F51F0012E2F561A00C0B0F8 /* viewcontrollers */;
		};
/* End PBXFileSystemSynchronizedBuildFileExceptionSet section */

/* Begin PBXFileSystemSynchronizedRootGroup section */
		3F51F0042E2F561A00C0B0F8 /* viewcontrollers */ = {
			isa = PBXFileSystemSynchronizedRootGroup;
			exceptions = (
				3F51F02A2E2F561C00C0B0F8 /* Exceptions for "viewcontrollers" folder in "viewcontrollers" target */,
			);
			path = viewcontrollers;
			sourceTree = "<group>";
		};
		3F51F01B2E2F561C00C0B0F8 /* viewcontrollersTests */ = {
			isa = PBXFileSystemSynchronizedRootGroup;
			path = viewcontrollersTests;
			sourceTree = "<group>";
		};
		3F51F0252E2F561C00C0B0F8 /* viewcontrollersUITests */ = {
			isa = PBXFileSystemSynchronizedRootGroup;
			path = viewcontrollersUITests;
			sourceTree = "<group>";
		};
/* End PBXFileSystemSynchronizedRootGroup section */

/* Begin PBXFrameworksBuildPhase section */
		3F51EFFF2E2F561A00C0B0F8 /* Frameworks */ = {
			isa = PBXFrameworksBuildPhase;
			buildActionMask = 2147483647;
			files = (
			);
			runOnlyForDeploymentPostprocessing = 0;
		};
		3F51F0152E2F561C00C0B0F8 /* Frameworks */ = {
			isa = PBXFrameworksBuildPhase;
			buildActionMask = 2147483647;
			files = (
			);
			runOnlyForDeploymentPostprocessing = 0;
		};
		3F51F01F2E2F561C00C0B0F8 /* Frameworks */ = {
			isa = PBXFrameworksBuildPhase;
			buildActionMask = 2147483647;
			files = (
			);
			runOnlyForDeploymentPostprocessing = 0;
		};
/* End PBXFrameworksBuildPhase section */

/* Begin PBXGroup section */
		3F51EFF92E2F561A00C0B0F8 = {
			isa = PBXGroup;
			children = (
				3F51F0042E2F561A00C0B0F8 /* viewcontrollers */,
				3F51F01B2E2F561C00C0B0F8 /* viewcontrollersTests */,
				3F51F0252E2F561C00C0B0F8 /* viewcontrollersUITests */,
				3F51F0032E2F561A00C0B0F8 /* Products */,
			);
			sourceTree = "<group>";
		};
		3F51F0032E2F561A00C0B0F8 /* Products */ = {
			isa = PBXGroup;
			children = (
				3F51F0022E2F561A00C0B0F8 /* viewcontrollers.app */,
				3F51F0182E2F561C00C0B0F8 /* viewcontrollersTests.xctest */,
				3F51F0222E2F561C00C0B0F8 /* viewcontrollersUITests.xctest */,
			);
			name = Products;
			sourceTree = "<group>";
		};
/* End PBXGroup section */

/* Begin PBXNativeTarget section */
		3F51F0012E2F561A00C0B0F8 /* viewcontrollers */ = {
			isa = PBXNativeTarget;
			buildConfigurationList = 3F51F02B2E2F561C00C0B0F8 /* Build configuration list for PBXNativeTarget "viewcontrollers" */;
			buildPhases = (
				3F51EFFE2E2F561A00C0B0F8 /* Sources */,
				3F51EFFF2E2F561A00C0B0F8 /* Frameworks */,
				3F51F0002E2F561A00C0B0F8 /* Resources */,
			);
			buildRules = (
			);
			dependencies = (
			);
			fileSystemSynchronizedGroups = (
				3F51F0042E2F561A00C0B0F8 /* viewcontrollers */,
			);
			name = viewcontrollers;
			packageProductDependencies = (
			);
			productName = viewcontrollers;
			productReference = 3F51F0022E2F561A00C0B0F8 /* viewcontrollers.app */;
			productType = "com.apple.product-type.application";
		};
		3F51F0172E2F561C00C0B0F8 /* viewcontrollersTests */ = {
			isa = PBXNativeTarget;
			buildConfigurationList = 3F51F0302E2F561C00C0B0F8 /* Build configuration list for PBXNativeTarget "viewcontrollersTests" */;
			buildPhases = (
				3F51F0142E2F561C00C0B0F8 /* Sources */,
				3F51F0152E2F561C00C0B0F8 /* Frameworks */,
				3F51F0162E2F561C00C0B0F8 /* Resources */,
			);
			buildRules = (
			);
			dependencies = (
				3F51F01A2E2F561C00C0B0F8 /* PBXTargetDependency */,
			);
			fileSystemSynchronizedGroups = (
				3F51F01B2E2F561C00C0B0F8 /* viewcontrollersTests */,
			);
			name = viewcontrollersTests;
			packageProductDependencies = (
			);
			productName = viewcontrollersTests;
			productReference = 3F51F0182E2F561C00C0B0F8 /* viewcontrollersTests.xctest */;
			productType = "com.apple.product-type.bundle.unit-test";
		};
		3F51F0212E2F561C00C0B0F8 /* viewcontrollersUITests */ = {
			isa = PBXNativeTarget;
			buildConfigurationList = 3F51F0332E2F561C00C0B0F8 /* Build configuration list for PBXNativeTarget "viewcontrollersUITests" */;
			buildPhases = (
				3F51F01E2E2F561C00C0B0F8 /* Sources */,
				3F51F01F2E2F561C00C0B0F8 /* Frameworks */,
				3F51F0202E2F561C00C0B0F8 /* Resources */,
			);
			buildRules = (
			);
			dependencies = (
				3F51F0242E2F561C00C0B0F8 /* PBXTargetDependency */,
			);
			fileSystemSynchronizedGroups = (
				3F51F0252E2F561C00C0B0F8 /* viewcontrollersUITests */,
			);
			name = viewcontrollersUITests;
			packageProductDependencies = (
			);
			productName = viewcontrollersUITests;
			productReference = 3F51F0222E2F561C00C0B0F8 /* viewcontrollersUITests.xctest */;
			productType = "com.apple.product-type.bundle.ui-testing";
		};
/* End PBXNativeTarget section */

/* Begin PBXProject section */
		3F51EFFA2E2F561A00C0B0F8 /* Project object */ = {
			isa = PBXProject;
			attributes = {
				BuildIndependentTargetsInParallel = 1;
				LastSwiftUpdateCheck = 1640;
				LastUpgradeCheck = 1640;
				TargetAttributes = {
					3F51F0012E2F561A00C0B0F8 = {
						CreatedOnToolsVersion = 16.4;
					};
					3F51F0172E2F561C00C0B0F8 = {
						CreatedOnToolsVersion = 16.4;
						TestTargetID = 3F51F0012E2F561A00C0B0F8;
					};
					3F51F0212E2F561C00C0B0F8 = {
						CreatedOnToolsVersion = 16.4;
						TestTargetID = 3F51F0012E2F561A00C0B0F8;
					};
				};
			};
			buildConfigurationList = 3F51EFFD2E2F561A00C0B0F8 /* Build configuration list for PBXProject "viewcontrollers" */;
			developmentRegion = en;
			hasScannedForEncodings = 0;
			knownRegions = (
				en,
				Base,
			);
			mainGroup = 3F51EFF92E2F561A00C0B0F8;
			minimizedProjectReferenceProxies = 1;
			preferredProjectObjectVersion = 77;
			productRefGroup = 3F51F0032E2F561A00C0B0F8 /* Products */;
			projectDirPath = "";
			projectRoot = "";
			targets = (
				3F51F0012E2F561A00C0B0F8 /* viewcontrollers */,
				3F51F0172E2F561C00C0B0F8 /* viewcontrollersTests */,
				3F51F0212E2F561C00C0B0F8 /* viewcontrollersUITests */,
			);
		};
/* End PBXProject section */

/* Begin PBXResourcesBuildPhase section */
		3F51F0002E2F561A00C0B0F8 /* Resources */ = {
			isa = PBXResourcesBuildPhase;
			buildActionMask = 2147483647;
			files = (
			);
			runOnlyForDeploymentPostprocessing = 0;
		};
		3F51F0162E2F561C00C0B0F8 /* Resources */ = {
			isa = PBXResourcesBuildPhase;
			buildActionMask = 2147483647;
			files = (
			);
			runOnlyForDeploymentPostprocessing = 0;
		};
		3F51F0202E2F561C00C0B0F8 /* Resources */ = {
			isa = PBXResourcesBuildPhase;
			buildActionMask = 2147483647;
			files = (
			);
			runOnlyForDeploymentPostprocessing = 0;
		};
/* End PBXResourcesBuildPhase section */

/* Begin PBXSourcesBuildPhase section */
		3F51EFFE2E2F561A00C0B0F8 /* Sources */ = {
			isa = PBXSourcesBuildPhase;
			buildActionMask = 2147483647;
			files = (
			);
			runOnlyForDeploymentPostprocessing = 0;
		};
		3F51F0142E2F561C00C0B0F8 /* Sources */ = {
			isa = PBXSourcesBuildPhase;
			buildActionMask = 2147483647;
			files = (
			);
			runOnlyForDeploymentPostprocessing = 0;
		};
		3F51F01E2E2F561C00C0B0F8 /* Sources */ = {
			isa = PBXSourcesBuildPhase;
			buildActionMask = 2147483647;
			files = (
			);
			runOnlyForDeploymentPostprocessing = 0;
		};
/* End PBXSourcesBuildPhase section */

/* Begin PBXTargetDependency section */
		3F51F01A2E2F561C00C0B0F8 /* PBXTargetDependency */ = {
			isa = PBXTargetDependency;
			target = 3F51F0012E2F561A00C0B0F8 /* viewcontrollers */;
			targetProxy = 3F51F0192E2F561C00C0B0F8 /* PBXContainerItemProxy */;
		};
		3F51F0242E2F561C00C0B0F8 /* PBXTargetDependency */ = {
			isa = PBXTargetDependency;
			target = 3F51F0012E2F561A00C0B0F8 /* viewcontrollers */;
			targetProxy = 3F51F0232E2F561C00C0B0F8 /* PBXContainerItemProxy */;
		};
/* End PBXTargetDependency section */

/* Begin XCBuildConfiguration section */
		3F51F02C2E2F561C00C0B0F8 /* Debug */ = {
			isa = XCBuildConfiguration;
			buildSettings = {
				ASSETCATALOG_COMPILER_APPICON_NAME = AppIcon;
				ASSETCATALOG_COMPILER_GLOBAL_ACCENT_COLOR_NAME = AccentColor;
				CODE_SIGN_STYLE = Automatic;
				CURRENT_PROJECT_VERSION = 1;
				GENERATE_INFOPLIST_FILE = YES;
				INFOPLIST_FILE = viewcontrollers/Info.plist;
				INFOPLIST_KEY_UIApplicationSupportsIndirectInputEvents = YES;
				INFOPLIST_KEY_UILaunchStoryboardName = LaunchScreen;
				INFOPLIST_KEY_UIMainStoryboardFile = Main;
				INFOPLIST_KEY_UISupportedInterfaceOrientations_iPad = "UIInterfaceOrientationPortrait UIInterfaceOrientationPortraitUpsideDown UIInterfaceOrientationLandscapeLeft UIInterfaceOrientationLandscapeRight";
				INFOPLIST_KEY_UISupportedInterfaceOrientations_iPhone = "UIInterfaceOrientationPortrait UIInterfaceOrientationLandscapeLeft UIInterfaceOrientationLandscapeRight";
				LD_RUNPATH_SEARCH_PATHS = (
					"$(inherited)",
					"@executable_path/Frameworks",
				);
				MARKETING_VERSION = 1.0;
				PRODUCT_BUNDLE_IDENTIFIER = com.apple.viewcontrollers;
				PRODUCT_NAME = "$(TARGET_NAME)";
				SWIFT_EMIT_LOC_STRINGS = YES;
				SWIFT_VERSION = 5.0;
				TARGETED_DEVICE_FAMILY = "1,2";
			};
			name = Debug;
		};
		3F51F02D2E2F561C00C0B0F8 /* Release */ = {
			isa = XCBuildConfiguration;
			buildSettings = {
				ASSETCATALOG_COMPILER_APPICON_NAME = AppIcon;
				ASSETCATALOG_COMPILER_GLOBAL_ACCENT_COLOR_NAME = AccentColor;
				CODE_SIGN_STYLE = Automatic;
				CURRENT_PROJECT_VERSION = 1;
				GENERATE_INFOPLIST_FILE = YES;
				INFOPLIST_FILE = viewcontrollers/Info.plist;
				INFOPLIST_KEY_UIApplicationSupportsIndirectInputEvents = YES;
				INFOPLIST_KEY_UILaunchStoryboardName = LaunchScreen;
				INFOPLIST_KEY_UIMainStoryboardFile = Main;
				INFOPLIST_KEY_UISupportedInterfaceOrientations_iPad = "UIInterfaceOrientationPortrait UIInterfaceOrientationPortraitUpsideDown UIInterfaceOrientationLandscapeLeft UIInterfaceOrientationLandscapeRight";
				INFOPLIST_KEY_UISupportedInterfaceOrientations_iPhone = "UIInterfaceOrientationPortrait UIInterfaceOrientationLandscapeLeft UIInterfaceOrientationLandscapeRight";
				LD_RUNPATH_SEARCH_PATHS = (
					"$(inherited)",
					"@executable_path/Frameworks",
				);
				MARKETING_VERSION = 1.0;
				PRODUCT_BUNDLE_IDENTIFIER = com.apple.viewcontrollers;
				PRODUCT_NAME = "$(TARGET_NAME)";
				SWIFT_EMIT_LOC_STRINGS = YES;
				SWIFT_VERSION = 5.0;
				TARGETED_DEVICE_FAMILY = "1,2";
			};
			name = Release;
		};
		3F51F02E2E2F561C00C0B0F8 /* Debug */ = {
			isa = XCBuildConfiguration;
			buildSettings = {
				ALWAYS_SEARCH_USER_PATHS = NO;
				ASSETCATALOG_COMPILER_GENERATE_SWIFT_ASSET_SYMBOL_EXTENSIONS = YES;
				CLANG_ANALYZER_NONNULL = YES;
				CLANG_ANALYZER_NUMBER_OBJECT_CONVERSION = YES_AGGRESSIVE;
				CLANG_CXX_LANGUAGE_STANDARD = "gnu++20";
				CLANG_ENABLE_MODULES = YES;
				CLANG_ENABLE_OBJC_ARC = YES;
				CLANG_ENABLE_OBJC_WEAK = YES;
				CLANG_WARN_BLOCK_CAPTURE_AUTORELEASING = YES;
				CLANG_WARN_BOOL_CONVERSION = YES;
				CLANG_WARN_COMMA = YES;
				CLANG_WARN_CONSTANT_CONVERSION = YES;
				CLANG_WARN_DEPRECATED_OBJC_IMPLEMENTATIONS = YES;
				CLANG_WARN_DIRECT_OBJC_ISA_USAGE = YES_ERROR;
				CLANG_WARN_DOCUMENTATION_COMMENTS = YES;
				CLANG_WARN_EMPTY_BODY = YES;
				CLANG_WARN_ENUM_CONVERSION = YES;
				CLANG_WARN_INFINITE_RECURSION = YES;
				CLANG_WARN_INT_CONVERSION = YES;
				CLANG_WARN_NON_LITERAL_NULL_CONVERSION = YES;
				CLANG_WARN_OBJC_IMPLICIT_RETAIN_SELF = YES;
				CLANG_WARN_OBJC_LITERAL_CONVERSION = YES;
				CLANG_WARN_OBJC_ROOT_CLASS = YES_ERROR;
				CLANG_WARN_QUOTED_INCLUDE_IN_FRAMEWORK_HEADER = YES;
				CLANG_WARN_RANGE_LOOP_ANALYSIS = YES;
				CLANG_WARN_STRICT_PROTOTYPES = YES;
				CLANG_WARN_SUSPICIOUS_MOVE = YES;
				CLANG_WARN_UNGUARDED_AVAILABILITY = YES_AGGRESSIVE;
				CLANG_WARN_UNREACHABLE_CODE = YES;
				CLANG_WARN__DUPLICATE_METHOD_MATCH = YES;
				COPY_PHASE_STRIP = NO;
				DEBUG_INFORMATION_FORMAT = dwarf;
				ENABLE_STRICT_OBJC_MSGSEND = YES;
				ENABLE_TESTABILITY = YES;
				ENABLE_USER_SCRIPT_SANDBOXING = YES;
				GCC_C_LANGUAGE_STANDARD = gnu17;
				GCC_DYNAMIC_NO_PIC = NO;
				GCC_NO_COMMON_BLOCKS = YES;
				GCC_OPTIMIZATION_LEVEL = 0;
				GCC_PREPROCESSOR_DEFINITIONS = (
					"DEBUG=1",
					"$(inherited)",
				);
				GCC_WARN_64_TO_32_BIT_CONVERSION = YES;
				GCC_WARN_ABOUT_RETURN_TYPE = YES_ERROR;
				GCC_WARN_UNDECLARED_SELECTOR = YES;
				GCC_WARN_UNINITIALIZED_AUTOS = YES_AGGRESSIVE;
				GCC_WARN_UNUSED_FUNCTION = YES;
				GCC_WARN_UNUSED_VARIABLE = YES;
				IPHONEOS_DEPLOYMENT_TARGET = 18.5;
				LOCALIZATION_PREFERS_STRING_CATALOGS = YES;
				MTL_ENABLE_DEBUG_INFO = INCLUDE_SOURCE;
				MTL_FAST_MATH = YES;
				ONLY_ACTIVE_ARCH = YES;
				SDKROOT = iphoneos;
				SWIFT_ACTIVE_COMPILATION_CONDITIONS = "DEBUG $(inherited)";
				SWIFT_OPTIMIZATION_LEVEL = "-Onone";
			};
			name = Debug;
		};
		3F51F02F2E2F561C00C0B0F8 /* Release */ = {
			isa = XCBuildConfiguration;
			buildSettings = {
				ALWAYS_SEARCH_USER_PATHS = NO;
				ASSETCATALOG_COMPILER_GENERATE_SWIFT_ASSET_SYMBOL_EXTENSIONS = YES;
				CLANG_ANALYZER_NONNULL = YES;
				CLANG_ANALYZER_NUMBER_OBJECT_CONVERSION = YES_AGGRESSIVE;
				CLANG_CXX_LANGUAGE_STANDARD = "gnu++20";
				CLANG_ENABLE_MODULES = YES;
				CLANG_ENABLE_OBJC_ARC = YES;
				CLANG_ENABLE_OBJC_WEAK = YES;
				CLANG_WARN_BLOCK_CAPTURE_AUTORELEASING = YES;
				CLANG_WARN_BOOL_CONVERSION = YES;
				CLANG_WARN_COMMA = YES;
				CLANG_WARN_CONSTANT_CONVERSION = YES;
				CLANG_WARN_DEPRECATED_OBJC_IMPLEMENTATIONS = YES;
				CLANG_WARN_DIRECT_OBJC_ISA_USAGE = YES_ERROR;
				CLANG_WARN_DOCUMENTATION_COMMENTS = YES;
				CLANG_WARN_EMPTY_BODY = YES;
				CLANG_WARN_ENUM_CONVERSION = YES;
				CLANG_WARN_INFINITE_RECURSION = YES;
				CLANG_WARN_INT_CONVERSION = YES;
				CLANG_WARN_NON_LITERAL_NULL_CONVERSION = YES;
				CLANG_WARN_OBJC_IMPLICIT_RETAIN_SELF = YES;
				CLANG_WARN_OBJC_LITERAL_CONVERSION = YES;
				CLANG_WARN_OBJC_ROOT_CLASS = YES_ERROR;
				CLANG_WARN_QUOTED_INCLUDE_IN_FRAMEWORK_HEADER = YES;
				CLANG_WARN_RANGE_LOOP_ANALYSIS = YES;
				CLANG_WARN_STRICT_PROTOTYPES = YES;
				CLANG_WARN_SUSPICIOUS_MOVE = YES;
				CLANG_WARN_UNGUARDED_AVAILABILITY = YES_AGGRESSIVE;
				CLANG_WARN_UNREACHABLE_CODE = YES;
				CLANG_WARN__DUPLICATE_METHOD_MATCH = YES;
				COPY_PHASE_STRIP = NO;
				DEBUG_INFORMATION_FORMAT = "dwarf-with-dsym";
				ENABLE_NS_ASSERTIONS = NO;
				ENABLE_STRICT_OBJC_MSGSEND = YES;
				ENABLE_USER_SCRIPT_SANDBOXING = YES;
				GCC_C_LANGUAGE_STANDARD = gnu17;
				GCC_NO_COMMON_BLOCKS = YES;
				GCC_WARN_64_TO_32_BIT_CONVERSION = YES;
				GCC_WARN_ABOUT_RETURN_TYPE = YES_ERROR;
				GCC_WARN_UNDECLARED_SELECTOR = YES;
				GCC_WARN_UNINITIALIZED_AUTOS = YES_AGGRESSIVE;
				GCC_WARN_UNUSED_FUNCTION = YES;
				GCC_WARN_UNUSED_VARIABLE = YES;
				IPHONEOS_DEPLOYMENT_TARGET = 18.5;
				LOCALIZATION_PREFERS_STRING_CATALOGS = YES;
				MTL_ENABLE_DEBUG_INFO = NO;
				MTL_FAST_MATH = YES;
				SDKROOT = iphoneos;
				SWIFT_COMPILATION_MODE = wholemodule;
				VALIDATE_PRODUCT = YES;
			};
			name = Release;
		};
		3F51F0312E2F561C00C0B0F8 /* Debug */ = {
			isa = XCBuildConfiguration;
			buildSettings = {
				BUNDLE_LOADER = "$(TEST_HOST)";
				CODE_SIGN_STYLE = Automatic;
				CURRENT_PROJECT_VERSION = 1;
				GENERATE_INFOPLIST_FILE = YES;
				IPHONEOS_DEPLOYMENT_TARGET = 18.5;
				MARKETING_VERSION = 1.0;
				PRODUCT_BUNDLE_IDENTIFIER = com.apple.viewcontrollersTests;
				PRODUCT_NAME = "$(TARGET_NAME)";
				SWIFT_EMIT_LOC_STRINGS = NO;
				SWIFT_VERSION = 5.0;
				TARGETED_DEVICE_FAMILY = "1,2";
				TEST_HOST = "$(BUILT_PRODUCTS_DIR)/viewcontrollers.app/$(BUNDLE_EXECUTABLE_FOLDER_PATH)/viewcontrollers";
			};
			name = Debug;
		};
		3F51F0322E2F561C00C0B0F8 /* Release */ = {
			isa = XCBuildConfiguration;
			buildSettings = {
				BUNDLE_LOADER = "$(TEST_HOST)";
				CODE_SIGN_STYLE = Automatic;
				CURRENT_PROJECT_VERSION = 1;
				GENERATE_INFOPLIST_FILE = YES;
				IPHONEOS_DEPLOYMENT_TARGET = 18.5;
				MARKETING_VERSION = 1.0;
				PRODUCT_BUNDLE_IDENTIFIER = com.apple.viewcontrollersTests;
				PRODUCT_NAME = "$(TARGET_NAME)";
				SWIFT_EMIT_LOC_STRINGS = NO;
				SWIFT_VERSION = 5.0;
				TARGETED_DEVICE_FAMILY = "1,2";
				TEST_HOST = "$(BUILT_PRODUCTS_DIR)/viewcontrollers.app/$(BUNDLE_EXECUTABLE_FOLDER_PATH)/viewcontrollers";
			};
			name = Release;
		};
		3F51F0342E2F561C00C0B0F8 /* Debug */ = {
			isa = XCBuildConfiguration;
			buildSettings = {
				CODE_SIGN_STYLE = Automatic;
				CURRENT_PROJECT_VERSION = 1;
				GENERATE_INFOPLIST_FILE = YES;
				MARKETING_VERSION = 1.0;
				PRODUCT_BUNDLE_IDENTIFIER = com.apple.viewcontrollersUITests;
				PRODUCT_NAME = "$(TARGET_NAME)";
				SWIFT_EMIT_LOC_STRINGS = NO;
				SWIFT_VERSION = 5.0;
				TARGETED_DEVICE_FAMILY = "1,2";
				TEST_TARGET_NAME = viewcontrollers;
			};
			name = Debug;
		};
		3F51F0352E2F561C00C0B0F8 /* Release */ = {
			isa = XCBuildConfiguration;
			buildSettings = {
				CODE_SIGN_STYLE = Automatic;
				CURRENT_PROJECT_VERSION = 1;
				GENERATE_INFOPLIST_FILE = YES;
				MARKETING_VERSION = 1.0;
				PRODUCT_BUNDLE_IDENTIFIER = com.apple.viewcontrollersUITests;
				PRODUCT_NAME = "$(TARGET_NAME)";
				SWIFT_EMIT_LOC_STRINGS = NO;
				SWIFT_VERSION = 5.0;
				TARGETED_DEVICE_FAMILY = "1,2";
				TEST_TARGET_NAME = viewcontrollers;
			};
			name = Release;
		};
/* End XCBuildConfiguration section */

/* Begin XCConfigurationList section */
		3F51EFFD2E2F561A00C0B0F8 /* Build configuration list for PBXProject "viewcontrollers" */ = {
			isa = XCConfigurationList;
			buildConfigurations = (
				3F51F02E2E2F561C00C0B0F8 /* Debug */,
				3F51F02F2E2F561C00C0B0F8 /* Release */,
			);
			defaultConfigurationIsVisible = 0;
			defaultConfigurationName = Release;
		};
		3F51F02B2E2F561C00C0B0F8 /* Build configuration list for PBXNativeTarget "viewcontrollers" */ = {
			isa = XCConfigurationList;
			buildConfigurations = (
				3F51F02C2E2F561C00C0B0F8 /* Debug */,
				3F51F02D2E2F561C00C0B0F8 /* Release */,
			);
			defaultConfigurationIsVisible = 0;
			defaultConfigurationName = Release;
		};
		3F51F0302E2F561C00C0B0F8 /* Build configuration list for PBXNativeTarget "viewcontrollersTests" */ = {
			isa = XCConfigurationList;
			buildConfigurations = (
				3F51F0312E2F561C00C0B0F8 /* Debug */,
				3F51F0322E2F561C00C0B0F8 /* Release */,
			);
			defaultConfigurationIsVisible = 0;
			defaultConfigurationName = Release;
		};
		3F51F0332E2F561C00C0B0F8 /* Build configuration list for PBXNativeTarget "viewcontrollersUITests" */ = {
			isa = XCConfigurationList;
			buildConfigurations = (
				3F51F0342E2F561C00C0B0F8 /* Debug */,
				3F51F0352E2F561C00C0B0F8 /* Release */,
			);
			defaultConfigurationIsVisible = 0;
			defaultConfigurationName = Release;
		};
/* End XCConfigurationList section */
	};
	rootObject = 3F51EFFA2E2F561A00C0B0F8 /* Project object */;
}
